
Microsoft Visual Studio Solution File, Format Version 12.00
# Visual Studio Version 16
VisualStudioVersion = 16.0.30621.155
MinimumVisualStudioVersion = 10.0.40219.1
Project("{9A19103F-16F7-4668-BE54-9A1E7A4F7556}") = "Sentiment-Analytics-Courses", "Sentiment-Analytics-Courses\Sentiment-Analytics-Courses.csproj", "{1482809F-351B-4ADA-B629-91594996A7F3}"
EndProject
Project("{9A19103F-16F7-4668-BE54-9A1E7A4F7556}") = "Sentiment-Analytics-CoursesML.Model", "Sentiment-Analytics-CoursesML.Model\Sentiment-Analytics-CoursesML.Model.csproj", "{63361993-C676-4335-8228-76D78D3E8FEE}"
EndProject
Project("{9A19103F-16F7-4668-BE54-9A1E7A4F7556}") = "Sentiment-Analytics-CoursesML.ConsoleApp", "Sentiment-Analytics-CoursesML.ConsoleApp\Sentiment-Analytics-CoursesML.ConsoleApp.csproj", "{AFFE5540-72A1-4127-BAA4-C52ABC1A88B7}"
EndProject
Global
	GlobalSection(SolutionConfigurationPlatforms) = preSolution
		Debug|Any CPU = Debug|Any CPU
		Release|Any CPU = Release|Any CPU
	EndGlobalSection
	GlobalSection(ProjectConfigurationPlatforms) = postSolution
		{1482809F-351B-4ADA-B629-91594996A7F3}.Debug|Any CPU.ActiveCfg = Debug|Any CPU
		{1482809F-351B-4ADA-B629-91594996A7F3}.Debug|Any CPU.Build.0 = Debug|Any CPU
		{1482809F-351B-4ADA-B629-91594996A7F3}.Release|Any CPU.ActiveCfg = Release|Any CPU
		{1482809F-351B-4ADA-B629-91594996A7F3}.Release|Any CPU.Build.0 = Release|Any CPU
		{63361993-C676-4335-8228-76D78D3E8FEE}.Debug|Any CPU.ActiveCfg = Debug|Any CPU
		{63361993-C676-4335-8228-76D78D3E8FEE}.Debug|Any CPU.Build.0 = Debug|Any CPU
		{63361993-C676-4335-8228-76D78D3E8FEE}.Release|Any CPU.ActiveCfg = Release|Any CPU
		{63361993-C676-4335-8228-76D78D3E8FEE}.Release|Any CPU.Build.0 = Release|Any CPU
		{AFFE5540-72A1-4127-BAA4-C52ABC1A88B7}.Debug|Any CPU.ActiveCfg = Debug|Any CPU
		{AFFE5540-72A1-4127-BAA4-C52ABC1A88B7}.Debug|Any CPU.Build.0 = Debug|Any CPU
		{AFFE5540-72A1-4127-BAA4-C52ABC1A88B7}.Release|Any CPU.ActiveCfg = Release|Any CPU
		{AFFE5540-72A1-4127-BAA4-C52ABC1A88B7}.Release|Any CPU.Build.0 = Release|Any CPU
	EndGlobalSection
	GlobalSection(SolutionProperties) = preSolution
		HideSolutionNode = FALSE
	EndGlobalSection
	GlobalSection(ExtensibilityGlobals) = postSolution
		SolutionGuid = {B9200A89-BDDC-4048-983E-68044E10840E}
	EndGlobalSection
EndGlobal
